
Microsoft Visual Studio Solution File, Format Version 12.00
# Visual Studio Version 17
VisualStudioVersion = 17.14.36915.13
MinimumVisualStudioVersion = 10.0.40219.1
Project("{2150E333-8FDC-42A3-9474-1A3956D46DE8}") = "AuthMicroservice", "AuthMicroservice", "{02EA681E-C7D8-13C7-8484-4AC65E1B71E8}"
EndProject
Project("{2150E333-8FDC-42A3-9474-1A3956D46DE8}") = "ProductMicroservice", "ProductMicroservice", "{7B7EBD66-DF69-447A-B0C2-83FAAB09DD8F}"
EndProject
Project("{2150E333-8FDC-42A3-9474-1A3956D46DE8}") = "Application", "Application", "{A45043CB-A8B2-4C9D-963F-9E5A7386159D}"
EndProject
Project("{2150E333-8FDC-42A3-9474-1A3956D46DE8}") = "API", "API", "{889594B2-FDDD-4E9F-9C61-3164BE051C63}"
EndProject
Project("{FAE04EC0-301F-11D3-BF4B-00C04F79EFBC}") = "KayraExportThridStep.Application", "ProductMicroservice\Application\KayraExportThridStep.Application\KayraExportThridStep.Application.csproj", "{B349C174-4FEE-4BAC-A2D1-F5FF434E815B}"
EndProject
Project("{FAE04EC0-301F-11D3-BF4B-00C04F79EFBC}") = "KayraExportThridStep.WebAPI", "ProductMicroservice\API\KayraExportThridStep.WebAPI\KayraExportThridStep.WebAPI.csproj", "{AA0B6575-D710-4430-BEF4-474DF640B014}"
EndProject
Project("{2150E333-8FDC-42A3-9474-1A3956D46DE8}") = "Core", "Core", "{09E941C7-4766-490E-B2C1-ABD7368345AF}"
EndProject
Project("{FAE04EC0-301F-11D3-BF4B-00C04F79EFBC}") = "KayraExportThridStep.Core", "ProductMicroservice\Core\KayraExportThridStep.Core\KayraExportThridStep.Core.csproj", "{77C95918-CBCB-4EE4-B8B8-CA10AA8E3194}"
EndProject
Project("{2150E333-8FDC-42A3-9474-1A3956D46DE8}") = "Infrastructure", "Infrastructure", "{CDC6AD81-DE9B-42E2-9B6A-CD363A3B9AED}"
EndProject
Project("{FAE04EC0-301F-11D3-BF4B-00C04F79EFBC}") = "KayraExportThridStep.Infrastructure", "ProductMicroservice\Infrastructure\KayraExportThridStep.Infrastructure\KayraExportThridStep.Infrastructure.csproj", "{6A7391AD-2B60-4C06-B9AC-D91C65B62F70}"
EndProject
Global
	GlobalSection(SolutionConfigurationPlatforms) = preSolution
		Debug|Any CPU = Debug|Any CPU
		Release|Any CPU = Release|Any CPU
	EndGlobalSection
	GlobalSection(ProjectConfigurationPlatforms) = postSolution
		{B349C174-4FEE-4BAC-A2D1-F5FF434E815B}.Debug|Any CPU.ActiveCfg = Debug|Any CPU
		{B349C174-4FEE-4BAC-A2D1-F5FF434E815B}.Debug|Any CPU.Build.0 = Debug|Any CPU
		{B349C174-4FEE-4BAC-A2D1-F5FF434E815B}.Release|Any CPU.ActiveCfg = Release|Any CPU
		{B349C174-4FEE-4BAC-A2D1-F5FF434E815B}.Release|Any CPU.Build.0 = Release|Any CPU
		{AA0B6575-D710-4430-BEF4-474DF640B014}.Debug|Any CPU.ActiveCfg = Debug|Any CPU
		{AA0B6575-D710-4430-BEF4-474DF640B014}.Debug|Any CPU.Build.0 = Debug|Any CPU
		{AA0B6575-D710-4430-BEF4-474DF640B014}.Release|Any CPU.ActiveCfg = Release|Any CPU
		{AA0B6575-D710-4430-BEF4-474DF640B014}.Release|Any CPU.Build.0 = Release|Any CPU
		{77C95918-CBCB-4EE4-B8B8-CA10AA8E3194}.Debug|Any CPU.ActiveCfg = Debug|Any CPU
		{77C95918-CBCB-4EE4-B8B8-CA10AA8E3194}.Debug|Any CPU.Build.0 = Debug|Any CPU
		{77C95918-CBCB-4EE4-B8B8-CA10AA8E3194}.Release|Any CPU.ActiveCfg = Release|Any CPU
		{77C95918-CBCB-4EE4-B8B8-CA10AA8E3194}.Release|Any CPU.Build.0 = Release|Any CPU
		{6A7391AD-2B60-4C06-B9AC-D91C65B62F70}.Debug|Any CPU.ActiveCfg = Debug|Any CPU
		{6A7391AD-2B60-4C06-B9AC-D91C65B62F70}.Debug|Any CPU.Build.0 = Debug|Any CPU
		{6A7391AD-2B60-4C06-B9AC-D91C65B62F70}.Release|Any CPU.ActiveCfg = Release|Any CPU
		{6A7391AD-2B60-4C06-B9AC-D91C65B62F70}.Release|Any CPU.Build.0 = Release|Any CPU
	EndGlobalSection
	GlobalSection(SolutionProperties) = preSolution
		HideSolutionNode = FALSE
	EndGlobalSection
	GlobalSection(NestedProjects) = preSolution
		{A45043CB-A8B2-4C9D-963F-9E5A7386159D} = {7B7EBD66-DF69-447A-B0C2-83FAAB09DD8F}
		{889594B2-FDDD-4E9F-9C61-3164BE051C63} = {7B7EBD66-DF69-447A-B0C2-83FAAB09DD8F}
		{B349C174-4FEE-4BAC-A2D1-F5FF434E815B} = {A45043CB-A8B2-4C9D-963F-9E5A7386159D}
		{AA0B6575-D710-4430-BEF4-474DF640B014} = {889594B2-FDDD-4E9F-9C61-3164BE051C63}
		{09E941C7-4766-490E-B2C1-ABD7368345AF} = {7B7EBD66-DF69-447A-B0C2-83FAAB09DD8F}
		{77C95918-CBCB-4EE4-B8B8-CA10AA8E3194} = {09E941C7-4766-490E-B2C1-ABD7368345AF}
		{CDC6AD81-DE9B-42E2-9B6A-CD363A3B9AED} = {7B7EBD66-DF69-447A-B0C2-83FAAB09DD8F}
		{6A7391AD-2B60-4C06-B9AC-D91C65B62F70} = {CDC6AD81-DE9B-42E2-9B6A-CD363A3B9AED}
	EndGlobalSection
	GlobalSection(ExtensibilityGlobals) = postSolution
		SolutionGuid = {357BB12A-F902-4F30-8918-60191BCC418E}
	EndGlobalSection
EndGlobal
