
Microsoft Visual Studio Solution File, Format Version 12.00
# Visual Studio Version 17
VisualStudioVersion = 17.14.36915.13
MinimumVisualStudioVersion = 10.0.40219.1
Project("{2150E333-8FDC-42A3-9474-1A3956D46DE8}") = "AuthMicroservice", "AuthMicroservice", "{02EA681E-C7D8-13C7-8484-4AC65E1B71E8}"
EndProject
Project("{2150E333-8FDC-42A3-9474-1A3956D46DE8}") = "ProductMicroservice", "ProductMicroservice", "{7B7EBD66-DF69-447A-B0C2-83FAAB09DD8F}"
EndProject
Project("{2150E333-8FDC-42A3-9474-1A3956D46DE8}") = "Application", "Application", "{A45043CB-A8B2-4C9D-963F-9E5A7386159D}"
EndProject
Project("{2150E333-8FDC-42A3-9474-1A3956D46DE8}") = "Infrastructure", "Infrastructure", "{B7DDD9C6-8EA4-43D7-B1BB-878844CA4BC3}"
EndProject
Project("{2150E333-8FDC-42A3-9474-1A3956D46DE8}") = "API", "API", "{889594B2-FDDD-4E9F-9C61-3164BE051C63}"
EndProject
Project("{2150E333-8FDC-42A3-9474-1A3956D46DE8}") = "Core", "Core", "{C32A0D7C-B26F-4CC3-ACA9-C3BAB642A8B7}"
EndProject
Project("{FAE04EC0-301F-11D3-BF4B-00C04F79EFBC}") = "KayraExportThridStep.Core", "Core\KayraExportThridStep.Core\KayraExportThridStep.Core.csproj", "{808A5BCE-5D5E-4D3F-860F-0E613D7DEBA3}"
EndProject
Project("{FAE04EC0-301F-11D3-BF4B-00C04F79EFBC}") = "KayraExportThridStep.Application", "ProductMicroservice\Application\KayraExportThridStep.Application\KayraExportThridStep.Application.csproj", "{B349C174-4FEE-4BAC-A2D1-F5FF434E815B}"
EndProject
Global
	GlobalSection(SolutionConfigurationPlatforms) = preSolution
		Debug|Any CPU = Debug|Any CPU
		Release|Any CPU = Release|Any CPU
	EndGlobalSection
	GlobalSection(ProjectConfigurationPlatforms) = postSolution
		{808A5BCE-5D5E-4D3F-860F-0E613D7DEBA3}.Debug|Any CPU.ActiveCfg = Debug|Any CPU
		{808A5BCE-5D5E-4D3F-860F-0E613D7DEBA3}.Debug|Any CPU.Build.0 = Debug|Any CPU
		{808A5BCE-5D5E-4D3F-860F-0E613D7DEBA3}.Release|Any CPU.ActiveCfg = Release|Any CPU
		{808A5BCE-5D5E-4D3F-860F-0E613D7DEBA3}.Release|Any CPU.Build.0 = Release|Any CPU
		{B349C174-4FEE-4BAC-A2D1-F5FF434E815B}.Debug|Any CPU.ActiveCfg = Debug|Any CPU
		{B349C174-4FEE-4BAC-A2D1-F5FF434E815B}.Debug|Any CPU.Build.0 = Debug|Any CPU
		{B349C174-4FEE-4BAC-A2D1-F5FF434E815B}.Release|Any CPU.ActiveCfg = Release|Any CPU
		{B349C174-4FEE-4BAC-A2D1-F5FF434E815B}.Release|Any CPU.Build.0 = Release|Any CPU
	EndGlobalSection
	GlobalSection(SolutionProperties) = preSolution
		HideSolutionNode = FALSE
	EndGlobalSection
	GlobalSection(NestedProjects) = preSolution
		{A45043CB-A8B2-4C9D-963F-9E5A7386159D} = {7B7EBD66-DF69-447A-B0C2-83FAAB09DD8F}
		{B7DDD9C6-8EA4-43D7-B1BB-878844CA4BC3} = {7B7EBD66-DF69-447A-B0C2-83FAAB09DD8F}
		{889594B2-FDDD-4E9F-9C61-3164BE051C63} = {7B7EBD66-DF69-447A-B0C2-83FAAB09DD8F}
		{C32A0D7C-B26F-4CC3-ACA9-C3BAB642A8B7} = {7B7EBD66-DF69-447A-B0C2-83FAAB09DD8F}
		{808A5BCE-5D5E-4D3F-860F-0E613D7DEBA3} = {C32A0D7C-B26F-4CC3-ACA9-C3BAB642A8B7}
		{B349C174-4FEE-4BAC-A2D1-F5FF434E815B} = {A45043CB-A8B2-4C9D-963F-9E5A7386159D}
	EndGlobalSection
	GlobalSection(ExtensibilityGlobals) = postSolution
		SolutionGuid = {357BB12A-F902-4F30-8918-60191BCC418E}
	EndGlobalSection
EndGlobal
