
Microsoft Visual Studio Solution File, Format Version 12.00
# Visual Studio Version 17
VisualStudioVersion = 17.14.36915.13
MinimumVisualStudioVersion = 10.0.40219.1
Project("{2150E333-8FDC-42A3-9474-1A3956D46DE8}") = "AuthMicroservice", "AuthMicroservice", "{02EA681E-C7D8-13C7-8484-4AC65E1B71E8}"
EndProject
Project("{2150E333-8FDC-42A3-9474-1A3956D46DE8}") = "ProductMicroservice", "ProductMicroservice", "{7B7EBD66-DF69-447A-B0C2-83FAAB09DD8F}"
EndProject
Project("{2150E333-8FDC-42A3-9474-1A3956D46DE8}") = "Application", "Application", "{A45043CB-A8B2-4C9D-963F-9E5A7386159D}"
EndProject
Project("{2150E333-8FDC-42A3-9474-1A3956D46DE8}") = "API", "API", "{889594B2-FDDD-4E9F-9C61-3164BE051C63}"
EndProject
Project("{FAE04EC0-301F-11D3-BF4B-00C04F79EFBC}") = "KayraExportThridStep.Application", "ProductMicroservice\Application\KayraExportThridStep.Application\KayraExportThridStep.Application.csproj", "{B349C174-4FEE-4BAC-A2D1-F5FF434E815B}"
EndProject
Project("{FAE04EC0-301F-11D3-BF4B-00C04F79EFBC}") = "KayraExportThridStep.WebAPI", "ProductMicroservice\API\KayraExportThridStep.WebAPI\KayraExportThridStep.WebAPI.csproj", "{AA0B6575-D710-4430-BEF4-474DF640B014}"
EndProject
Project("{2150E333-8FDC-42A3-9474-1A3956D46DE8}") = "Core", "Core", "{09E941C7-4766-490E-B2C1-ABD7368345AF}"
EndProject
Project("{FAE04EC0-301F-11D3-BF4B-00C04F79EFBC}") = "KayraExportThridStep.Core", "ProductMicroservice\Core\KayraExportThridStep.Core\KayraExportThridStep.Core.csproj", "{77C95918-CBCB-4EE4-B8B8-CA10AA8E3194}"
EndProject
Project("{2150E333-8FDC-42A3-9474-1A3956D46DE8}") = "Infrastructure", "Infrastructure", "{CDC6AD81-DE9B-42E2-9B6A-CD363A3B9AED}"
EndProject
Project("{FAE04EC0-301F-11D3-BF4B-00C04F79EFBC}") = "KayraExportThridStep.Infrastructure", "ProductMicroservice\Infrastructure\KayraExportThridStep.Infrastructure\KayraExportThridStep.Infrastructure.csproj", "{6A7391AD-2B60-4C06-B9AC-D91C65B62F70}"
EndProject
Project("{2150E333-8FDC-42A3-9474-1A3956D46DE8}") = "LogMicroservice", "LogMicroservice", "{5C0A5604-72CF-4688-819F-06AB9E9CF9CB}"
EndProject
Project("{2150E333-8FDC-42A3-9474-1A3956D46DE8}") = "API", "API", "{7A732761-BC78-461E-97F8-6D313556AF63}"
EndProject
Project("{2150E333-8FDC-42A3-9474-1A3956D46DE8}") = "Application", "Application", "{EFB69528-08A6-4DEE-A0A1-F23E45AEC385}"
EndProject
Project("{2150E333-8FDC-42A3-9474-1A3956D46DE8}") = "Core", "Core", "{1B1D59C6-AE44-4CA5-9067-57CAE6ACEDC2}"
EndProject
Project("{2150E333-8FDC-42A3-9474-1A3956D46DE8}") = "Infrastructure", "Infrastructure", "{F0FC03E1-07C8-4F2C-9499-33B6F7161B6E}"
EndProject
Project("{FAE04EC0-301F-11D3-BF4B-00C04F79EFBC}") = "KayraExportThirdStep.Auth.API", "AuthMicroservice\KayraExportThirdStep.Auth.API\KayraExportThirdStep.Auth.API.csproj", "{1C14F6E8-BBF5-4439-86D2-33717485A4B3}"
EndProject
Project("{FAE04EC0-301F-11D3-BF4B-00C04F79EFBC}") = "KayraExportThridStep.Auth.Application", "AuthMicroservice\KayraExportThridStep.Auth.Application\KayraExportThridStep.Auth.Application.csproj", "{B2001021-8AC3-485C-9FBF-98A0E9F8A505}"
EndProject
Project("{FAE04EC0-301F-11D3-BF4B-00C04F79EFBC}") = "KayraExportThridStep.Auth.Core", "AuthMicroservice\KayraExportThridStep.Auth.Core\KayraExportThridStep.Auth.Core.csproj", "{C701AAD7-C3BC-48C5-BFCE-B6FBE137636F}"
EndProject
Project("{FAE04EC0-301F-11D3-BF4B-00C04F79EFBC}") = "KayraExportThridStep.Auth.Infrastructure", "AuthMicroservice\KayraExportThridStep.Auth.Infrastructure\KayraExportThridStep.Auth.Infrastructure.csproj", "{21A874B8-B6A8-4230-A6CD-D65ACF62BC70}"
EndProject
Project("{2150E333-8FDC-42A3-9474-1A3956D46DE8}") = "API", "API", "{660959C4-8B5A-4F55-B618-BE08B79C7411}"
EndProject
Project("{2150E333-8FDC-42A3-9474-1A3956D46DE8}") = "Core", "Core", "{CDB91BA3-E59C-4E88-AD46-F338B9F2085E}"
EndProject
Project("{2150E333-8FDC-42A3-9474-1A3956D46DE8}") = "Application", "Application", "{008F35FF-065E-4A38-8A21-F25393587C13}"
EndProject
Project("{2150E333-8FDC-42A3-9474-1A3956D46DE8}") = "Infrastructure", "Infrastructure", "{2B9C9F38-A91F-471D-836B-B66E88D4E902}"
EndProject
Project("{FAE04EC0-301F-11D3-BF4B-00C04F79EFBC}") = "KayraExportThridStep.Log.API", "LogMicroservice\API\KayraExportThridStep.Log.API\KayraExportThridStep.Log.API.csproj", "{A602F6B6-1318-4097-A03A-D30AD742AAB5}"
EndProject
Project("{FAE04EC0-301F-11D3-BF4B-00C04F79EFBC}") = "KayraExportThridStep.Log.Application", "LogMicroservice\Application\KayraExportThridStep.Log.Application\KayraExportThridStep.Log.Application.csproj", "{B8B8FFD2-FEE6-42F2-8212-53A348D90038}"
EndProject
Project("{FAE04EC0-301F-11D3-BF4B-00C04F79EFBC}") = "KayraExportThridStep.Log.Core", "LogMicroservice\Core\KayraExportThridStep.Log.Core\KayraExportThridStep.Log.Core.csproj", "{FBDADB49-FEBF-4B39-AD0D-4D3854A4F847}"
EndProject
Project("{FAE04EC0-301F-11D3-BF4B-00C04F79EFBC}") = "KayraExportThridStep.Log.Infrastructure", "LogMicroservice\Infrastructure\KayraExportThridStep.Log.Infrastructure\KayraExportThridStep.Log.Infrastructure.csproj", "{2C473441-E254-4C92-BE9C-87927DC9DBED}"
EndProject
Project("{2150E333-8FDC-42A3-9474-1A3956D46DE8}") = "APIGateway", "APIGateway", "{897E2DB6-A30A-4962-8226-FFE723D1596F}"
EndProject
Project("{FAE04EC0-301F-11D3-BF4B-00C04F79EFBC}") = "KayraExportThridStep.APIGateway", "APIGateway\KayraExportThridStep.APIGateway\KayraExportThridStep.APIGateway.csproj", "{253950E6-4947-481A-9201-3BD9424E212E}"
EndProject
Global
	GlobalSection(SolutionConfigurationPlatforms) = preSolution
		Debug|Any CPU = Debug|Any CPU
		Release|Any CPU = Release|Any CPU
	EndGlobalSection
	GlobalSection(ProjectConfigurationPlatforms) = postSolution
		{B349C174-4FEE-4BAC-A2D1-F5FF434E815B}.Debug|Any CPU.ActiveCfg = Debug|Any CPU
		{B349C174-4FEE-4BAC-A2D1-F5FF434E815B}.Debug|Any CPU.Build.0 = Debug|Any CPU
		{B349C174-4FEE-4BAC-A2D1-F5FF434E815B}.Release|Any CPU.ActiveCfg = Release|Any CPU
		{B349C174-4FEE-4BAC-A2D1-F5FF434E815B}.Release|Any CPU.Build.0 = Release|Any CPU
		{AA0B6575-D710-4430-BEF4-474DF640B014}.Debug|Any CPU.ActiveCfg = Debug|Any CPU
		{AA0B6575-D710-4430-BEF4-474DF640B014}.Debug|Any CPU.Build.0 = Debug|Any CPU
		{AA0B6575-D710-4430-BEF4-474DF640B014}.Release|Any CPU.ActiveCfg = Release|Any CPU
		{AA0B6575-D710-4430-BEF4-474DF640B014}.Release|Any CPU.Build.0 = Release|Any CPU
		{77C95918-CBCB-4EE4-B8B8-CA10AA8E3194}.Debug|Any CPU.ActiveCfg = Debug|Any CPU
		{77C95918-CBCB-4EE4-B8B8-CA10AA8E3194}.Debug|Any CPU.Build.0 = Debug|Any CPU
		{77C95918-CBCB-4EE4-B8B8-CA10AA8E3194}.Release|Any CPU.ActiveCfg = Release|Any CPU
		{77C95918-CBCB-4EE4-B8B8-CA10AA8E3194}.Release|Any CPU.Build.0 = Release|Any CPU
		{6A7391AD-2B60-4C06-B9AC-D91C65B62F70}.Debug|Any CPU.ActiveCfg = Debug|Any CPU
		{6A7391AD-2B60-4C06-B9AC-D91C65B62F70}.Debug|Any CPU.Build.0 = Debug|Any CPU
		{6A7391AD-2B60-4C06-B9AC-D91C65B62F70}.Release|Any CPU.ActiveCfg = Release|Any CPU
		{6A7391AD-2B60-4C06-B9AC-D91C65B62F70}.Release|Any CPU.Build.0 = Release|Any CPU
		{1C14F6E8-BBF5-4439-86D2-33717485A4B3}.Debug|Any CPU.ActiveCfg = Debug|Any CPU
		{1C14F6E8-BBF5-4439-86D2-33717485A4B3}.Debug|Any CPU.Build.0 = Debug|Any CPU
		{1C14F6E8-BBF5-4439-86D2-33717485A4B3}.Release|Any CPU.ActiveCfg = Release|Any CPU
		{1C14F6E8-BBF5-4439-86D2-33717485A4B3}.Release|Any CPU.Build.0 = Release|Any CPU
		{B2001021-8AC3-485C-9FBF-98A0E9F8A505}.Debug|Any CPU.ActiveCfg = Debug|Any CPU
		{B2001021-8AC3-485C-9FBF-98A0E9F8A505}.Debug|Any CPU.Build.0 = Debug|Any CPU
		{B2001021-8AC3-485C-9FBF-98A0E9F8A505}.Release|Any CPU.ActiveCfg = Release|Any CPU
		{B2001021-8AC3-485C-9FBF-98A0E9F8A505}.Release|Any CPU.Build.0 = Release|Any CPU
		{C701AAD7-C3BC-48C5-BFCE-B6FBE137636F}.Debug|Any CPU.ActiveCfg = Debug|Any CPU
		{C701AAD7-C3BC-48C5-BFCE-B6FBE137636F}.Debug|Any CPU.Build.0 = Debug|Any CPU
		{C701AAD7-C3BC-48C5-BFCE-B6FBE137636F}.Release|Any CPU.ActiveCfg = Release|Any CPU
		{C701AAD7-C3BC-48C5-BFCE-B6FBE137636F}.Release|Any CPU.Build.0 = Release|Any CPU
		{21A874B8-B6A8-4230-A6CD-D65ACF62BC70}.Debug|Any CPU.ActiveCfg = Debug|Any CPU
		{21A874B8-B6A8-4230-A6CD-D65ACF62BC70}.Debug|Any CPU.Build.0 = Debug|Any CPU
		{21A874B8-B6A8-4230-A6CD-D65ACF62BC70}.Release|Any CPU.ActiveCfg = Release|Any CPU
		{21A874B8-B6A8-4230-A6CD-D65ACF62BC70}.Release|Any CPU.Build.0 = Release|Any CPU
		{A602F6B6-1318-4097-A03A-D30AD742AAB5}.Debug|Any CPU.ActiveCfg = Debug|Any CPU
		{A602F6B6-1318-4097-A03A-D30AD742AAB5}.Debug|Any CPU.Build.0 = Debug|Any CPU
		{A602F6B6-1318-4097-A03A-D30AD742AAB5}.Release|Any CPU.ActiveCfg = Release|Any CPU
		{A602F6B6-1318-4097-A03A-D30AD742AAB5}.Release|Any CPU.Build.0 = Release|Any CPU
		{B8B8FFD2-FEE6-42F2-8212-53A348D90038}.Debug|Any CPU.ActiveCfg = Debug|Any CPU
		{B8B8FFD2-FEE6-42F2-8212-53A348D90038}.Debug|Any CPU.Build.0 = Debug|Any CPU
		{B8B8FFD2-FEE6-42F2-8212-53A348D90038}.Release|Any CPU.ActiveCfg = Release|Any CPU
		{B8B8FFD2-FEE6-42F2-8212-53A348D90038}.Release|Any CPU.Build.0 = Release|Any CPU
		{FBDADB49-FEBF-4B39-AD0D-4D3854A4F847}.Debug|Any CPU.ActiveCfg = Debug|Any CPU
		{FBDADB49-FEBF-4B39-AD0D-4D3854A4F847}.Debug|Any CPU.Build.0 = Debug|Any CPU
		{FBDADB49-FEBF-4B39-AD0D-4D3854A4F847}.Release|Any CPU.ActiveCfg = Release|Any CPU
		{FBDADB49-FEBF-4B39-AD0D-4D3854A4F847}.Release|Any CPU.Build.0 = Release|Any CPU
		{2C473441-E254-4C92-BE9C-87927DC9DBED}.Debug|Any CPU.ActiveCfg = Debug|Any CPU
		{2C473441-E254-4C92-BE9C-87927DC9DBED}.Debug|Any CPU.Build.0 = Debug|Any CPU
		{2C473441-E254-4C92-BE9C-87927DC9DBED}.Release|Any CPU.ActiveCfg = Release|Any CPU
		{2C473441-E254-4C92-BE9C-87927DC9DBED}.Release|Any CPU.Build.0 = Release|Any CPU
		{253950E6-4947-481A-9201-3BD9424E212E}.Debug|Any CPU.ActiveCfg = Debug|Any CPU
		{253950E6-4947-481A-9201-3BD9424E212E}.Debug|Any CPU.Build.0 = Debug|Any CPU
		{253950E6-4947-481A-9201-3BD9424E212E}.Release|Any CPU.ActiveCfg = Release|Any CPU
		{253950E6-4947-481A-9201-3BD9424E212E}.Release|Any CPU.Build.0 = Release|Any CPU
	EndGlobalSection
	GlobalSection(SolutionProperties) = preSolution
		HideSolutionNode = FALSE
	EndGlobalSection
	GlobalSection(NestedProjects) = preSolution
		{A45043CB-A8B2-4C9D-963F-9E5A7386159D} = {7B7EBD66-DF69-447A-B0C2-83FAAB09DD8F}
		{889594B2-FDDD-4E9F-9C61-3164BE051C63} = {7B7EBD66-DF69-447A-B0C2-83FAAB09DD8F}
		{B349C174-4FEE-4BAC-A2D1-F5FF434E815B} = {A45043CB-A8B2-4C9D-963F-9E5A7386159D}
		{AA0B6575-D710-4430-BEF4-474DF640B014} = {889594B2-FDDD-4E9F-9C61-3164BE051C63}
		{09E941C7-4766-490E-B2C1-ABD7368345AF} = {7B7EBD66-DF69-447A-B0C2-83FAAB09DD8F}
		{77C95918-CBCB-4EE4-B8B8-CA10AA8E3194} = {09E941C7-4766-490E-B2C1-ABD7368345AF}
		{CDC6AD81-DE9B-42E2-9B6A-CD363A3B9AED} = {7B7EBD66-DF69-447A-B0C2-83FAAB09DD8F}
		{6A7391AD-2B60-4C06-B9AC-D91C65B62F70} = {CDC6AD81-DE9B-42E2-9B6A-CD363A3B9AED}
		{7A732761-BC78-461E-97F8-6D313556AF63} = {02EA681E-C7D8-13C7-8484-4AC65E1B71E8}
		{EFB69528-08A6-4DEE-A0A1-F23E45AEC385} = {02EA681E-C7D8-13C7-8484-4AC65E1B71E8}
		{1B1D59C6-AE44-4CA5-9067-57CAE6ACEDC2} = {02EA681E-C7D8-13C7-8484-4AC65E1B71E8}
		{F0FC03E1-07C8-4F2C-9499-33B6F7161B6E} = {02EA681E-C7D8-13C7-8484-4AC65E1B71E8}
		{1C14F6E8-BBF5-4439-86D2-33717485A4B3} = {7A732761-BC78-461E-97F8-6D313556AF63}
		{B2001021-8AC3-485C-9FBF-98A0E9F8A505} = {EFB69528-08A6-4DEE-A0A1-F23E45AEC385}
		{C701AAD7-C3BC-48C5-BFCE-B6FBE137636F} = {1B1D59C6-AE44-4CA5-9067-57CAE6ACEDC2}
		{21A874B8-B6A8-4230-A6CD-D65ACF62BC70} = {F0FC03E1-07C8-4F2C-9499-33B6F7161B6E}
		{660959C4-8B5A-4F55-B618-BE08B79C7411} = {5C0A5604-72CF-4688-819F-06AB9E9CF9CB}
		{CDB91BA3-E59C-4E88-AD46-F338B9F2085E} = {5C0A5604-72CF-4688-819F-06AB9E9CF9CB}
		{008F35FF-065E-4A38-8A21-F25393587C13} = {5C0A5604-72CF-4688-819F-06AB9E9CF9CB}
		{2B9C9F38-A91F-471D-836B-B66E88D4E902} = {5C0A5604-72CF-4688-819F-06AB9E9CF9CB}
		{A602F6B6-1318-4097-A03A-D30AD742AAB5} = {660959C4-8B5A-4F55-B618-BE08B79C7411}
		{B8B8FFD2-FEE6-42F2-8212-53A348D90038} = {008F35FF-065E-4A38-8A21-F25393587C13}
		{FBDADB49-FEBF-4B39-AD0D-4D3854A4F847} = {CDB91BA3-E59C-4E88-AD46-F338B9F2085E}
		{2C473441-E254-4C92-BE9C-87927DC9DBED} = {2B9C9F38-A91F-471D-836B-B66E88D4E902}
		{253950E6-4947-481A-9201-3BD9424E212E} = {897E2DB6-A30A-4962-8226-FFE723D1596F}
	EndGlobalSection
	GlobalSection(ExtensibilityGlobals) = postSolution
		SolutionGuid = {357BB12A-F902-4F30-8918-60191BCC418E}
	EndGlobalSection
EndGlobal
